// !$*UTF8*$!
{
	archiveVersion = 1;
	classes = {
	};
	objectVersion = 50;
	objects = {

/* Begin PBXBuildFile section */
		24CBA9B3D2D80CB78B6CD643 /* Pods_AdjustMLImage.framework in Frameworks */ = {isa = PBXBuildFile; fileRef = 35487E989780400B116B12EE /* Pods_AdjustMLImage.framework */; };
		F3498FDE21B9346D006E0217 /* AppDelegate.swift in Sources */ = {isa = PBXBuildFile; fileRef = F3498FDD21B9346D006E0217 /* AppDelegate.swift */; };
		F3498FE021B9346D006E0217 /* ViewController.swift in Sources */ = {isa = PBXBuildFile; fileRef = F3498FDF21B9346D006E0217 /* ViewController.swift */; };
		F3498FE321B9346D006E0217 /* Main.storyboard in Resources */ = {isa = PBXBuildFile; fileRef = F3498FE121B9346D006E0217 /* Main.storyboard */; };
		F3498FE521B9346F006E0217 /* Assets.xcassets in Resources */ = {isa = PBXBuildFile; fileRef = F3498FE421B9346F006E0217 /* Assets.xcassets */; };
		F3498FE821B9346F006E0217 /* LaunchScreen.storyboard in Resources */ = {isa = PBXBuildFile; fileRef = F3498FE621B9346F006E0217 /* LaunchScreen.storyboard */; };
		F3498FF021B93829006E0217 /* MainViewController.swift in Sources */ = {isa = PBXBuildFile; fileRef = F3498FEF21B93829006E0217 /* MainViewController.swift */; };
/* End PBXBuildFile section */

/* Begin PBXFileReference section */
		35487E989780400B116B12EE /* Pods_AdjustMLImage.framework */ = {isa = PBXFileReference; explicitFileType = wrapper.framework; includeInIndex = 0; path = Pods_AdjustMLImage.framework; sourceTree = BUILT_PRODUCTS_DIR; };
		A7D9719BCA0F2307627573B9 /* Pods-AdjustMLImage.debug.xcconfig */ = {isa = PBXFileReference; includeInIndex = 1; lastKnownFileType = text.xcconfig; name = "Pods-AdjustMLImage.debug.xcconfig"; path = "Pods/Target Support Files/Pods-AdjustMLImage/Pods-AdjustMLImage.debug.xcconfig"; sourceTree = "<group>"; };
		B5D87F87E13FB7FC39121F7E /* Pods-AdjustMLImage.release.xcconfig */ = {isa = PBXFileReference; includeInIndex = 1; lastKnownFileType = text.xcconfig; name = "Pods-AdjustMLImage.release.xcconfig"; path = "Pods/Target Support Files/Pods-AdjustMLImage/Pods-AdjustMLImage.release.xcconfig"; sourceTree = "<group>"; };
		F3498FDA21B9346D006E0217 /* AdjustMLImage.app */ = {isa = PBXFileReference; explicitFileType = wrapper.application; includeInIndex = 0; path = AdjustMLImage.app; sourceTree = BUILT_PRODUCTS_DIR; };
		F3498FDD21B9346D006E0217 /* AppDelegate.swift */ = {isa = PBXFileReference; lastKnownFileType = sourcecode.swift; path = AppDelegate.swift; sourceTree = "<group>"; };
		F3498FDF21B9346D006E0217 /* ViewController.swift */ = {isa = PBXFileReference; lastKnownFileType = sourcecode.swift; path = ViewController.swift; sourceTree = "<group>"; };
		F3498FE221B9346D006E0217 /* Base */ = {isa = PBXFileReference; lastKnownFileType = file.storyboard; name = Base; path = Base.lproj/Main.storyboard; sourceTree = "<group>"; };
		F3498FE421B9346F006E0217 /* Assets.xcassets */ = {isa = PBXFileReference; lastKnownFileType = folder.assetcatalog; path = Assets.xcassets; sourceTree = "<group>"; };
		F3498FE721B9346F006E0217 /* Base */ = {isa = PBXFileReference; lastKnownFileType = file.storyboard; name = Base; path = Base.lproj/LaunchScreen.storyboard; sourceTree = "<group>"; };
		F3498FE921B9346F006E0217 /* Info.plist */ = {isa = PBXFileReference; lastKnownFileType = text.plist.xml; path = Info.plist; sourceTree = "<group>"; };
		F3498FEF21B93829006E0217 /* MainViewController.swift */ = {isa = PBXFileReference; lastKnownFileType = sourcecode.swift; path = MainViewController.swift; sourceTree = "<group>"; };
/* End PBXFileReference section */

/* Begin PBXFrameworksBuildPhase section */
		F3498FD721B9346D006E0217 /* Frameworks */ = {
			isa = PBXFrameworksBuildPhase;
			buildActionMask = 2147483647;
			files = (
				24CBA9B3D2D80CB78B6CD643 /* Pods_AdjustMLImage.framework in Frameworks */,
			);
			runOnlyForDeploymentPostprocessing = 0;
		};
/* End PBXFrameworksBuildPhase section */

/* Begin PBXGroup section */
		446D613523F146CF5323C23C /* Pods */ = {
			isa = PBXGroup;
			children = (
				A7D9719BCA0F2307627573B9 /* Pods-AdjustMLImage.debug.xcconfig */,
				B5D87F87E13FB7FC39121F7E /* Pods-AdjustMLImage.release.xcconfig */,
			);
			name = Pods;
			sourceTree = "<group>";
		};
		7356DD6D29C4987D55FF9D05 /* Frameworks */ = {
			isa = PBXGroup;
			children = (
				35487E989780400B116B12EE /* Pods_AdjustMLImage.framework */,
			);
			name = Frameworks;
			sourceTree = "<group>";
		};
		F3498FD121B9346D006E0217 = {
			isa = PBXGroup;
			children = (
				F3498FDC21B9346D006E0217 /* AdjustMLImage */,
				F3498FDB21B9346D006E0217 /* Products */,
				446D613523F146CF5323C23C /* Pods */,
				7356DD6D29C4987D55FF9D05 /* Frameworks */,
			);
			sourceTree = "<group>";
		};
		F3498FDB21B9346D006E0217 /* Products */ = {
			isa = PBXGroup;
			children = (
				F3498FDA21B9346D006E0217 /* AdjustMLImage.app */,
			);
			name = Products;
			sourceTree = "<group>";
		};
		F3498FDC21B9346D006E0217 /* AdjustMLImage */ = {
			isa = PBXGroup;
			children = (
				F3498FDD21B9346D006E0217 /* AppDelegate.swift */,
				F3498FEF21B93829006E0217 /* MainViewController.swift */,
				F3498FDF21B9346D006E0217 /* ViewController.swift */,
				F3498FE121B9346D006E0217 /* Main.storyboard */,
				F3498FE421B9346F006E0217 /* Assets.xcassets */,
				F3498FE621B9346F006E0217 /* LaunchScreen.storyboard */,
				F3498FE921B9346F006E0217 /* Info.plist */,
			);
			path = AdjustMLImage;
			sourceTree = "<group>";
		};
/* End PBXGroup section */

/* Begin PBXNativeTarget section */
		F3498FD921B9346D006E0217 /* AdjustMLImage */ = {
			isa = PBXNativeTarget;
			buildConfigurationList = F3498FEC21B9346F006E0217 /* Build configuration list for PBXNativeTarget "AdjustMLImage" */;
			buildPhases = (
				E18102471CC4937EE2A7817F /* [CP] Check Pods Manifest.lock */,
				F3498FD621B9346D006E0217 /* Sources */,
				F3498FD721B9346D006E0217 /* Frameworks */,
				F3498FD821B9346D006E0217 /* Resources */,
				4858623F2C109ED6D97106E6 /* [CP] Embed Pods Frameworks */,
				F3E114CB21B93A2100B2550F /* ShellScript */,
			);
			buildRules = (
			);
			dependencies = (
			);
			name = AdjustMLImage;
			productName = AdjustMLImage;
			productReference = F3498FDA21B9346D006E0217 /* AdjustMLImage.app */;
			productType = "com.apple.product-type.application";
		};
/* End PBXNativeTarget section */

/* Begin PBXProject section */
		F3498FD221B9346D006E0217 /* Project object */ = {
			isa = PBXProject;
			attributes = {
				LastSwiftUpdateCheck = 1010;
				LastUpgradeCheck = 1010;
				ORGANIZATIONNAME = "국윤수";
				TargetAttributes = {
					F3498FD921B9346D006E0217 = {
						CreatedOnToolsVersion = 10.1;
					};
				};
			};
			buildConfigurationList = F3498FD521B9346D006E0217 /* Build configuration list for PBXProject "AdjustMLImage" */;
			compatibilityVersion = "Xcode 9.3";
			developmentRegion = en;
			hasScannedForEncodings = 0;
			knownRegions = (
				en,
				Base,
			);
			mainGroup = F3498FD121B9346D006E0217;
			productRefGroup = F3498FDB21B9346D006E0217 /* Products */;
			projectDirPath = "";
			projectRoot = "";
			targets = (
				F3498FD921B9346D006E0217 /* AdjustMLImage */,
			);
		};
/* End PBXProject section */

/* Begin PBXResourcesBuildPhase section */
		F3498FD821B9346D006E0217 /* Resources */ = {
			isa = PBXResourcesBuildPhase;
			buildActionMask = 2147483647;
			files = (
				F3498FE821B9346F006E0217 /* LaunchScreen.storyboard in Resources */,
				F3498FE521B9346F006E0217 /* Assets.xcassets in Resources */,
				F3498FE321B9346D006E0217 /* Main.storyboard in Resources */,
			);
			runOnlyForDeploymentPostprocessing = 0;
		};
/* End PBXResourcesBuildPhase section */

/* Begin PBXShellScriptBuildPhase section */
		4858623F2C109ED6D97106E6 /* [CP] Embed Pods Frameworks */ = {
			isa = PBXShellScriptBuildPhase;
			buildActionMask = 2147483647;
			files = (
			);
			inputFileListPaths = (
			);
			inputPaths = (
				"${SRCROOT}/Pods/Target Support Files/Pods-AdjustMLImage/Pods-AdjustMLImage-frameworks.sh",
				"${BUILT_PRODUCTS_DIR}/Alamofire/Alamofire.framework",
				"${BUILT_PRODUCTS_DIR}/Hero/Hero.framework",
				"${BUILT_PRODUCTS_DIR}/SnapKit/SnapKit.framework",
				"${BUILT_PRODUCTS_DIR}/Then/Then.framework",
			);
			name = "[CP] Embed Pods Frameworks";
			outputFileListPaths = (
			);
			outputPaths = (
				"${TARGET_BUILD_DIR}/${FRAMEWORKS_FOLDER_PATH}/Alamofire.framework",
				"${TARGET_BUILD_DIR}/${FRAMEWORKS_FOLDER_PATH}/Hero.framework",
				"${TARGET_BUILD_DIR}/${FRAMEWORKS_FOLDER_PATH}/SnapKit.framework",
				"${TARGET_BUILD_DIR}/${FRAMEWORKS_FOLDER_PATH}/Then.framework",
			);
			runOnlyForDeploymentPostprocessing = 0;
			shellPath = /bin/sh;
			shellScript = "\"${SRCROOT}/Pods/Target Support Files/Pods-AdjustMLImage/Pods-AdjustMLImage-frameworks.sh\"\n";
			showEnvVarsInLog = 0;
		};
		E18102471CC4937EE2A7817F /* [CP] Check Pods Manifest.lock */ = {
			isa = PBXShellScriptBuildPhase;
			buildActionMask = 2147483647;
			files = (
			);
			inputFileListPaths = (
			);
			inputPaths = (
				"${PODS_PODFILE_DIR_PATH}/Podfile.lock",
				"${PODS_ROOT}/Manifest.lock",
			);
			name = "[CP] Check Pods Manifest.lock";
			outputFileListPaths = (
			);
			outputPaths = (
				"$(DERIVED_FILE_DIR)/Pods-AdjustMLImage-checkManifestLockResult.txt",
			);
			runOnlyForDeploymentPostprocessing = 0;
			shellPath = /bin/sh;
			shellScript = "diff \"${PODS_PODFILE_DIR_PATH}/Podfile.lock\" \"${PODS_ROOT}/Manifest.lock\" > /dev/null\nif [ $? != 0 ] ; then\n    # print error to STDERR\n    echo \"error: The sandbox is not in sync with the Podfile.lock. Run 'pod install' or update your CocoaPods installation.\" >&2\n    exit 1\nfi\n# This output is used by Xcode 'outputs' to avoid re-running this script phase.\necho \"SUCCESS\" > \"${SCRIPT_OUTPUT_FILE_0}\"\n";
			showEnvVarsInLog = 0;
		};
		F3E114CB21B93A2100B2550F /* ShellScript */ = {
			isa = PBXShellScriptBuildPhase;
			buildActionMask = 2147483647;
			files = (
			);
			inputFileListPaths = (
			);
			inputPaths = (
			);
			outputFileListPaths = (
			);
			outputPaths = (
			);
			runOnlyForDeploymentPostprocessing = 0;
			shellPath = /bin/sh;
			shellScript = "if which swiftlint >/dev/null; then\nswiftlint\nelse\necho \"warning: SwiftLint not installed, download from https://github.com/realm/SwiftLint\"\nfi\n";
		};
/* End PBXShellScriptBuildPhase section */

/* Begin PBXSourcesBuildPhase section */
		F3498FD621B9346D006E0217 /* Sources */ = {
			isa = PBXSourcesBuildPhase;
			buildActionMask = 2147483647;
			files = (
				F3498FF021B93829006E0217 /* MainViewController.swift in Sources */,
				F3498FE021B9346D006E0217 /* ViewController.swift in Sources */,
				F3498FDE21B9346D006E0217 /* AppDelegate.swift in Sources */,
			);
			runOnlyForDeploymentPostprocessing = 0;
		};
/* End PBXSourcesBuildPhase section */

/* Begin PBXVariantGroup section */
		F3498FE121B9346D006E0217 /* Main.storyboard */ = {
			isa = PBXVariantGroup;
			children = (
				F3498FE221B9346D006E0217 /* Base */,
			);
			name = Main.storyboard;
			sourceTree = "<group>";
		};
		F3498FE621B9346F006E0217 /* LaunchScreen.storyboard */ = {
			isa = PBXVariantGroup;
			children = (
				F3498FE721B9346F006E0217 /* Base */,
			);
			name = LaunchScreen.storyboard;
			sourceTree = "<group>";
		};
/* End PBXVariantGroup section */

/* Begin XCBuildConfiguration section */
		F3498FEA21B9346F006E0217 /* Debug */ = {
			isa = XCBuildConfiguration;
			buildSettings = {
				ALWAYS_SEARCH_USER_PATHS = NO;
				CLANG_ANALYZER_NONNULL = YES;
				CLANG_ANALYZER_NUMBER_OBJECT_CONVERSION = YES_AGGRESSIVE;
				CLANG_CXX_LANGUAGE_STANDARD = "gnu++14";
				CLANG_CXX_LIBRARY = "libc++";
				CLANG_ENABLE_MODULES = YES;
				CLANG_ENABLE_OBJC_ARC = YES;
				CLANG_ENABLE_OBJC_WEAK = YES;
				CLANG_WARN_BLOCK_CAPTURE_AUTORELEASING = YES;
				CLANG_WARN_BOOL_CONVERSION = YES;
				CLANG_WARN_COMMA = YES;
				CLANG_WARN_CONSTANT_CONVERSION = YES;
				CLANG_WARN_DEPRECATED_OBJC_IMPLEMENTATIONS = YES;
				CLANG_WARN_DIRECT_OBJC_ISA_USAGE = YES_ERROR;
				CLANG_WARN_DOCUMENTATION_COMMENTS = YES;
				CLANG_WARN_EMPTY_BODY = YES;
				CLANG_WARN_ENUM_CONVERSION = YES;
				CLANG_WARN_INFINITE_RECURSION = YES;
				CLANG_WARN_INT_CONVERSION = YES;
				CLANG_WARN_NON_LITERAL_NULL_CONVERSION = YES;
				CLANG_WARN_OBJC_IMPLICIT_RETAIN_SELF = YES;
				CLANG_WARN_OBJC_LITERAL_CONVERSION = YES;
				CLANG_WARN_OBJC_ROOT_CLASS = YES_ERROR;
				CLANG_WARN_RANGE_LOOP_ANALYSIS = YES;
				CLANG_WARN_STRICT_PROTOTYPES = YES;
				CLANG_WARN_SUSPICIOUS_MOVE = YES;
				CLANG_WARN_UNGUARDED_AVAILABILITY = YES_AGGRESSIVE;
				CLANG_WARN_UNREACHABLE_CODE = YES;
				CLANG_WARN__DUPLICATE_METHOD_MATCH = YES;
				CODE_SIGN_IDENTITY = "iPhone Developer";
				COPY_PHASE_STRIP = NO;
				DEBUG_INFORMATION_FORMAT = dwarf;
				ENABLE_STRICT_OBJC_MSGSEND = YES;
				ENABLE_TESTABILITY = YES;
				GCC_C_LANGUAGE_STANDARD = gnu11;
				GCC_DYNAMIC_NO_PIC = NO;
				GCC_NO_COMMON_BLOCKS = YES;
				GCC_OPTIMIZATION_LEVEL = 0;
				GCC_PREPROCESSOR_DEFINITIONS = (
					"DEBUG=1",
					"$(inherited)",
				);
				GCC_WARN_64_TO_32_BIT_CONVERSION = YES;
				GCC_WARN_ABOUT_RETURN_TYPE = YES_ERROR;
				GCC_WARN_UNDECLARED_SELECTOR = YES;
				GCC_WARN_UNINITIALIZED_AUTOS = YES_AGGRESSIVE;
				GCC_WARN_UNUSED_FUNCTION = YES;
				GCC_WARN_UNUSED_VARIABLE = YES;
				IPHONEOS_DEPLOYMENT_TARGET = 12.1;
				MTL_ENABLE_DEBUG_INFO = INCLUDE_SOURCE;
				MTL_FAST_MATH = YES;
				ONLY_ACTIVE_ARCH = YES;
				SDKROOT = iphoneos;
				SWIFT_ACTIVE_COMPILATION_CONDITIONS = DEBUG;
				SWIFT_OPTIMIZATION_LEVEL = "-Onone";
			};
			name = Debug;
		};
		F3498FEB21B9346F006E0217 /* Release */ = {
			isa = XCBuildConfiguration;
			buildSettings = {
				ALWAYS_SEARCH_USER_PATHS = NO;
				CLANG_ANALYZER_NONNULL = YES;
				CLANG_ANALYZER_NUMBER_OBJECT_CONVERSION = YES_AGGRESSIVE;
				CLANG_CXX_LANGUAGE_STANDARD = "gnu++14";
				CLANG_CXX_LIBRARY = "libc++";
				CLANG_ENABLE_MODULES = YES;
				CLANG_ENABLE_OBJC_ARC = YES;
				CLANG_ENABLE_OBJC_WEAK = YES;
				CLANG_WARN_BLOCK_CAPTURE_AUTORELEASING = YES;
				CLANG_WARN_BOOL_CONVERSION = YES;
				CLANG_WARN_COMMA = YES;
				CLANG_WARN_CONSTANT_CONVERSION = YES;
				CLANG_WARN_DEPRECATED_OBJC_IMPLEMENTATIONS = YES;
				CLANG_WARN_DIRECT_OBJC_ISA_USAGE = YES_ERROR;
				CLANG_WARN_DOCUMENTATION_COMMENTS = YES;
				CLANG_WARN_EMPTY_BODY = YES;
				CLANG_WARN_ENUM_CONVERSION = YES;
				CLANG_WARN_INFINITE_RECURSION = YES;
				CLANG_WARN_INT_CONVERSION = YES;
				CLANG_WARN_NON_LITERAL_NULL_CONVERSION = YES;
				CLANG_WARN_OBJC_IMPLICIT_RETAIN_SELF = YES;
				CLANG_WARN_OBJC_LITERAL_CONVERSION = YES;
				CLANG_WARN_OBJC_ROOT_CLASS = YES_ERROR;
				CLANG_WARN_RANGE_LOOP_ANALYSIS = YES;
				CLANG_WARN_STRICT_PROTOTYPES = YES;
				CLANG_WARN_SUSPICIOUS_MOVE = YES;
				CLANG_WARN_UNGUARDED_AVAILABILITY = YES_AGGRESSIVE;
				CLANG_WARN_UNREACHABLE_CODE = YES;
				CLANG_WARN__DUPLICATE_METHOD_MATCH = YES;
				CODE_SIGN_IDENTITY = "iPhone Developer";
				COPY_PHASE_STRIP = NO;
				DEBUG_INFORMATION_FORMAT = "dwarf-with-dsym";
				ENABLE_NS_ASSERTIONS = NO;
				ENABLE_STRICT_OBJC_MSGSEND = YES;
				GCC_C_LANGUAGE_STANDARD = gnu11;
				GCC_NO_COMMON_BLOCKS = YES;
				GCC_WARN_64_TO_32_BIT_CONVERSION = YES;
				GCC_WARN_ABOUT_RETURN_TYPE = YES_ERROR;
				GCC_WARN_UNDECLARED_SELECTOR = YES;
				GCC_WARN_UNINITIALIZED_AUTOS = YES_AGGRESSIVE;
				GCC_WARN_UNUSED_FUNCTION = YES;
				GCC_WARN_UNUSED_VARIABLE = YES;
				IPHONEOS_DEPLOYMENT_TARGET = 12.1;
				MTL_ENABLE_DEBUG_INFO = NO;
				MTL_FAST_MATH = YES;
				SDKROOT = iphoneos;
				SWIFT_COMPILATION_MODE = wholemodule;
				SWIFT_OPTIMIZATION_LEVEL = "-O";
				VALIDATE_PRODUCT = YES;
			};
			name = Release;
		};
		F3498FED21B9346F006E0217 /* Debug */ = {
			isa = XCBuildConfiguration;
			baseConfigurationReference = A7D9719BCA0F2307627573B9 /* Pods-AdjustMLImage.debug.xcconfig */;
			buildSettings = {
				ASSETCATALOG_COMPILER_APPICON_NAME = AppIcon;
				CODE_SIGN_STYLE = Automatic;
				DEVELOPMENT_TEAM = 827YX997NH;
				INFOPLIST_FILE = AdjustMLImage/Info.plist;
				IPHONEOS_DEPLOYMENT_TARGET = 12.0;
				LD_RUNPATH_SEARCH_PATHS = (
					"$(inherited)",
					"@executable_path/Frameworks",
				);
				PRODUCT_BUNDLE_IDENTIFIER = com.depromeet.AdjustMLImage;
				PRODUCT_NAME = "$(TARGET_NAME)";
				SWIFT_VERSION = 4.2;
				TARGETED_DEVICE_FAMILY = "1,2";
			};
			name = Debug;
		};
		F3498FEE21B9346F006E0217 /* Release */ = {
			isa = XCBuildConfiguration;
			baseConfigurationReference = B5D87F87E13FB7FC39121F7E /* Pods-AdjustMLImage.release.xcconfig */;
			buildSettings = {
				ASSETCATALOG_COMPILER_APPICON_NAME = AppIcon;
				CODE_SIGN_STYLE = Automatic;
				DEVELOPMENT_TEAM = 827YX997NH;
				INFOPLIST_FILE = AdjustMLImage/Info.plist;
				IPHONEOS_DEPLOYMENT_TARGET = 12.0;
				LD_RUNPATH_SEARCH_PATHS = (
					"$(inherited)",
					"@executable_path/Frameworks",
				);
				PRODUCT_BUNDLE_IDENTIFIER = com.depromeet.AdjustMLImage;
				PRODUCT_NAME = "$(TARGET_NAME)";
				SWIFT_VERSION = 4.2;
				TARGETED_DEVICE_FAMILY = "1,2";
			};
			name = Release;
		};
/* End XCBuildConfiguration section */

/* Begin XCConfigurationList section */
		F3498FD521B9346D006E0217 /* Build configuration list for PBXProject "AdjustMLImage" */ = {
			isa = XCConfigurationList;
			buildConfigurations = (
				F3498FEA21B9346F006E0217 /* Debug */,
				F3498FEB21B9346F006E0217 /* Release */,
			);
			defaultConfigurationIsVisible = 0;
			defaultConfigurationName = Release;
		};
		F3498FEC21B9346F006E0217 /* Build configuration list for PBXNativeTarget "AdjustMLImage" */ = {
			isa = XCConfigurationList;
			buildConfigurations = (
				F3498FED21B9346F006E0217 /* Debug */,
				F3498FEE21B9346F006E0217 /* Release */,
			);
			defaultConfigurationIsVisible = 0;
			defaultConfigurationName = Release;
		};
/* End XCConfigurationList section */
	};
	rootObject = F3498FD221B9346D006E0217 /* Project object */;
}
